
Microsoft Visual Studio Solution File, Format Version 12.00
# Visual Studio Version 16
VisualStudioVersion = 16.0.30709.132
MinimumVisualStudioVersion = 10.0.40219.1
Project("{9A19103F-16F7-4668-BE54-9A1E7A4F7556}") = "View", "View\View.csproj", "{E2665E4D-89B8-4F15-8FE9-CD90A637BE8F}"
EndProject
Project("{9A19103F-16F7-4668-BE54-9A1E7A4F7556}") = "ViewModel", "ViewModel\ViewModel.csproj", "{E1FEA6A8-3CE0-47F7-A2C8-C002024DC941}"
EndProject
Project("{9A19103F-16F7-4668-BE54-9A1E7A4F7556}") = "Model", "Model\Model.csproj", "{EF6DDE0A-759A-4370-9952-3FF4A8F776C8}"
EndProject
Project("{9A19103F-16F7-4668-BE54-9A1E7A4F7556}") = "Tester", "Tester\Tester.csproj", "{6769AFE9-8A55-4B00-ADBF-458B4AC4FE0E}"
EndProject
Project("{9A19103F-16F7-4668-BE54-9A1E7A4F7556}") = "Common", "Common\Common.csproj", "{E33AF0D3-6B49-498A-8B01-1C81F33806FC}"
EndProject
Project("{9A19103F-16F7-4668-BE54-9A1E7A4F7556}") = "Model.Services", "Model.Services\Model.Services.csproj", "{A642841D-7CD3-47FC-B427-563947B4789A}"
EndProject
Project("{9A19103F-16F7-4668-BE54-9A1E7A4F7556}") = "ViewModel.Tests", "ViewModel.Tests\ViewModel.Tests.csproj", "{E58F990E-091D-4DE0-B9BD-CD0B2E61E81A}"
EndProject
Global
	GlobalSection(SolutionConfigurationPlatforms) = preSolution
		Debug|Any CPU = Debug|Any CPU
		Release|Any CPU = Release|Any CPU
	EndGlobalSection
	GlobalSection(ProjectConfigurationPlatforms) = postSolution
		{E2665E4D-89B8-4F15-8FE9-CD90A637BE8F}.Debug|Any CPU.ActiveCfg = Debug|Any CPU
		{E2665E4D-89B8-4F15-8FE9-CD90A637BE8F}.Debug|Any CPU.Build.0 = Debug|Any CPU
		{E2665E4D-89B8-4F15-8FE9-CD90A637BE8F}.Release|Any CPU.ActiveCfg = Release|Any CPU
		{E2665E4D-89B8-4F15-8FE9-CD90A637BE8F}.Release|Any CPU.Build.0 = Release|Any CPU
		{E1FEA6A8-3CE0-47F7-A2C8-C002024DC941}.Debug|Any CPU.ActiveCfg = Debug|Any CPU
		{E1FEA6A8-3CE0-47F7-A2C8-C002024DC941}.Debug|Any CPU.Build.0 = Debug|Any CPU
		{E1FEA6A8-3CE0-47F7-A2C8-C002024DC941}.Release|Any CPU.ActiveCfg = Release|Any CPU
		{E1FEA6A8-3CE0-47F7-A2C8-C002024DC941}.Release|Any CPU.Build.0 = Release|Any CPU
		{EF6DDE0A-759A-4370-9952-3FF4A8F776C8}.Debug|Any CPU.ActiveCfg = Debug|Any CPU
		{EF6DDE0A-759A-4370-9952-3FF4A8F776C8}.Debug|Any CPU.Build.0 = Debug|Any CPU
		{EF6DDE0A-759A-4370-9952-3FF4A8F776C8}.Release|Any CPU.ActiveCfg = Release|Any CPU
		{EF6DDE0A-759A-4370-9952-3FF4A8F776C8}.Release|Any CPU.Build.0 = Release|Any CPU
		{6769AFE9-8A55-4B00-ADBF-458B4AC4FE0E}.Debug|Any CPU.ActiveCfg = Debug|Any CPU
		{6769AFE9-8A55-4B00-ADBF-458B4AC4FE0E}.Debug|Any CPU.Build.0 = Debug|Any CPU
		{6769AFE9-8A55-4B00-ADBF-458B4AC4FE0E}.Release|Any CPU.ActiveCfg = Release|Any CPU
		{6769AFE9-8A55-4B00-ADBF-458B4AC4FE0E}.Release|Any CPU.Build.0 = Release|Any CPU
		{E33AF0D3-6B49-498A-8B01-1C81F33806FC}.Debug|Any CPU.ActiveCfg = Debug|Any CPU
		{E33AF0D3-6B49-498A-8B01-1C81F33806FC}.Debug|Any CPU.Build.0 = Debug|Any CPU
		{E33AF0D3-6B49-498A-8B01-1C81F33806FC}.Release|Any CPU.ActiveCfg = Release|Any CPU
		{E33AF0D3-6B49-498A-8B01-1C81F33806FC}.Release|Any CPU.Build.0 = Release|Any CPU
		{A642841D-7CD3-47FC-B427-563947B4789A}.Debug|Any CPU.ActiveCfg = Debug|Any CPU
		{A642841D-7CD3-47FC-B427-563947B4789A}.Debug|Any CPU.Build.0 = Debug|Any CPU
		{A642841D-7CD3-47FC-B427-563947B4789A}.Release|Any CPU.ActiveCfg = Release|Any CPU
		{A642841D-7CD3-47FC-B427-563947B4789A}.Release|Any CPU.Build.0 = Release|Any CPU
		{E58F990E-091D-4DE0-B9BD-CD0B2E61E81A}.Debug|Any CPU.ActiveCfg = Debug|Any CPU
		{E58F990E-091D-4DE0-B9BD-CD0B2E61E81A}.Debug|Any CPU.Build.0 = Debug|Any CPU
		{E58F990E-091D-4DE0-B9BD-CD0B2E61E81A}.Release|Any CPU.ActiveCfg = Release|Any CPU
		{E58F990E-091D-4DE0-B9BD-CD0B2E61E81A}.Release|Any CPU.Build.0 = Release|Any CPU
	EndGlobalSection
	GlobalSection(SolutionProperties) = preSolution
		HideSolutionNode = FALSE
	EndGlobalSection
	GlobalSection(ExtensibilityGlobals) = postSolution
		SolutionGuid = {79A85D54-8EB7-4947-93C5-F57FE7D695D7}
	EndGlobalSection
EndGlobal
